github.com/aws/aws-sdk-go-v2 v1.30.1 h1:4y/5Dvfrhd1MxRDD77SrfsDaj8kUkkljU7XE83NPV+o=
github.com/aws/aws-sdk-go-v2 v1.30.1/go.mod h1:nIQjQVp5sfpQcTc9mPSr1B0PaWK5ByX9MOoDadSN4lc=
github.com/aws/aws-sdk-go-v2/config v1.27.21 h1:yPX3pjGCe2hJsetlmGNB4Mngu7UPmvWPzzWCv1+boeM=
github.com/aws/aws-sdk-go-v2/config v1.27.21/go.mod h1:4XtlEU6DzNai8RMbjSF5MgGZtYvrhBP/aKZcRtZAVdM=
github.com/aws/aws-sdk-go-v2/credentials v1.17.21 h1:pjAqgzfgFhTv5grc7xPHtXCAaMapzmwA7aU+c/SZQGw=
github.com/aws/aws-sdk-go-v2/credentials v1.17.21/go.mod h1:nhK6PtBlfHTUDVmBLr1dg+WHCOCK+1Fu/WQyVHPsgNQ=
github.com/aws/aws-sdk-go-v2/feature/ec2/imds v1.16.8 h1:FR+oWPFb/8qMVYMWN98bUZAGqPvLHiyqg1wqQGfUAXY=
github.com/aws/aws-sdk-go-v2/feature/ec2/imds v1.16.8/go.mod h1:EgSKcHiuuakEIxJcKGzVNWh5srVAQ3jKaSrBGRYvM48=
github.com/aws/aws-sdk-go-v2/internal/configsources v1.3.13 h1:5SAoZ4jYpGH4721ZNoS1znQrhOfZinOhc4XuTXx/nVc=
github.com/aws/aws-sdk-go-v2/internal/configsources v1.3.13/go.mod h1:+rdA6ZLpaSeM7tSg/B0IEDinCIBJGmW8rKDFkYpP04g=
github.com/aws/aws-sdk-go-v2/internal/endpoints/v2 v2.6.13 h1:WIijqeaAO7TYFLbhsZmi2rgLEAtWOC1LhxCAVTJlSKw=
github.com/aws/aws-sdk-go-v2/internal/endpoints/v2 v2.6.13/go.mod h1:i+kbfa76PQbWw/ULoWnp51EYVWH4ENln76fLQE3lXT8=
github.com/aws/aws-sdk-go-v2/internal/ini v1.8.0 h1:hT8rVHwugYE2lEfdFE0QWVo81lF7jMrYJVDWI+f+VxU=
github.com/aws/aws-sdk-go-v2/internal/ini v1.8.0/go.mod h1:8tu/lYfQfFe6IGnaOdrpVgEL2IrrDOf6/m9RQum4NkY=
github.com/aws/aws-sdk-go-v2/service/ec2 v1.165.1 h1:LkSnU1c9JKJyXYcwpWgQGuwctwv3pDenMUgH2CmLd1A=
github.com/aws/aws-sdk-go-v2/service/ec2 v1.165.1/go.mod h1:Wv7N3iFOKVsZNIaw9MOBUmwCkX6VMmQQRFhMrHtNGno=
github.com/aws/aws-sdk-go-v2/service/iam v1.33.1 h1:0dcMo3330L9LIckl+4iujMoq0AdR8LMK0TtgrjHUi6M=
github.com/aws/aws-sdk-go-v2/service/iam v1.33.1/go.mod h1:sX/naR5tYtlGFN0Bjg9VPNgYNg/rqiDUuKTW9peFnZk=
github.com/aws/aws-sdk-go-v2/service/internal/accept-encoding v1.11.3 h1:dT3MqvGhSoaIhRseqw2I0yH81l7wiR2vjs57O51EAm8=
github.com/aws/aws-sdk-go-v2/service/internal/accept-encoding v1.11.3/go.mod h1:GlAeCkHwugxdHaueRr4nhPuY+WW+gR8UjlcqzPr1SPI=
github.com/aws/aws-sdk-go-v2/service/internal/presigned-url v1.11.15 h1:I9zMeF107l0rJrpnHpjEiiTSCKYAIw8mALiXcPsGBiA=
github.com/aws/aws-sdk-go-v2/service/internal/presigned-url v1.11.15/go.mod h1:9xWJ3Q/S6Ojusz1UIkfycgD1mGirJfLLKqq3LPT7WN8=
github.com/aws/aws-sdk-go-v2/service/sso v1.21.1 h1:sd0BsnAvLH8gsp2e3cbaIr+9D7T1xugueQ7V/zUAsS4=
github.com/aws/aws-sdk-go-v2/service/sso v1.21.1/go.mod h1:lcQG/MmxydijbeTOp04hIuJwXGWPZGI3bwdFDGRTv14=
github.com/aws/aws-sdk-go-v2/service/ssooidc v1.25.1 h1:1uEFNNskK/I1KoZ9Q8wJxMz5V9jyBlsiaNrM7vA3YUQ=
github.com/aws/aws-sdk-go-v2/service/ssooidc v1.25.1/go.mod h1:z0P8K+cBIsFXUr5rzo/psUeJ20XjPN0+Nn8067Nd+E4=
github.com/aws/aws-sdk-go-v2/service/sts v1.30.1 h1:+woJ607dllHJQtsnJLi52ycuqHMwlW+Wqm2Ppsfp4nQ=
github.com/aws/aws-sdk-go-v2/service/sts v1.30.1/go.mod h1:jiNR3JqT15Dm+QWq2SRgh0x0bCNSRP2L25+CqPNpJlQ=
github.com/aws/smithy-go v1.20.3 h1:ryHwveWzPV5BIof6fyDvor6V3iUL7nTfiTKXHiW05nE=
github.com/aws/smithy-go v1.20.3/go.mod h1:krry+ya/rV9RDcV/Q16kpu6ypI4K2czasz0NC3qS14E=
github.com/aymanbagabas/go-osc52/v2 v2.0.1 h1:HwpRHbFMcZLEVr42D4p7XBqjyuxQH5SMiErDT4WkJ2k=
github.com/aymanbagabas/go-osc52/v2 v2.0.1/go.mod h1:uYgXzlJ7ZpABp8OJ+exZzJJhRNQ2ASbcXHWsFqH8hp8=
github.com/charmbracelet/lipgloss v0.11.0 h1:UoAcbQ6Qml8hDwSWs0Y1cB5TEQuZkDPH/ZqwWWYTG4g=
github.com/charmbracelet/lipgloss v0.11.0/go.mod h1:1UdRTH9gYgpcdNN5oBtjbu/IzNKtzVtb7sqN1t9LNn8=
github.com/charmbracelet/x/ansi v0.1.1 h1:CGAduulr6egay/YVbGc8Hsu8deMg1xZ/bkaXTPi1JDk=
github.com/charmbracelet/x/ansi v0.1.1/go.mod h1:dk73KoMTT5AX5BsX0KrqhsTqAnhZZoCBjs7dGWp4Ktw=
github.com/cpuguy83/go-md2man/v2 v2.0.4/go.mod h1:tgQtvFlXSQOSOSIRvRPT7W67SCa46tRHOmNcaadrF8o=
github.com/davecgh/go-spew v1.1.0 h1:ZDRjVQ15GmhC3fiQ8ni8+OwkZQO4DARzQgrnXU1Liz8=
github.com/davecgh/go-spew v1.1.0/go.mod h1:J7Y8YcW2NihsgmVo/mv3lAwl/skON4iLHjSsI+c5H38=
github.com/inconshreveable/mousetrap v1.1.0 h1:wN+x4NVGpMsO7ErUn/mUI3vEoE6Jt13X2s0bqwp9tc8=
github.com/inconshreveable/mousetrap v1.1.0/go.mod h1:vpF70FUmC8bwa3OWnCshd2FqLfsEA9PFc4w1p2J65bw=
github.com/jmespath/go-jmespath v0.4.0 h1:BEgLn5cpjn8UN1mAw4NjwDrS35OdebyEtFe+9YPoQUg=
github.com/jmespath/go-jmespath v0.4.0/go.mod h1:T8mJZnbsbmF+m6zOOFylbeCJqk5+pHWvzYPziyZiYoo=
github.com/jmespath/go-jmespath/internal/testify v1.5.1 h1:shLQSRRSCCPj3f2gpwzGwWFoC7ycTf1rcQZHOlsJ6N8=
github.com/jmespath/go-jmespath/internal/testify v1.5.1/go.mod h1:L3OGu8Wl2/fWfCI6z80xFu9LTZmf1ZRjMHUOPmWr69U=
github.com/lucasb-eyer/go-colorful v1.2.0 h1:1nnpGOrhyZZuNyfu1QjKiUICQ74+3FNCN69Aj6K7nkY=
github.com/lucasb-eyer/go-colorful v1.2.0/go.mod h1:R4dSotOR9KMtayYi1e77YzuveK+i7ruzyGqttikkLy0=
github.com/mattn/go-isatty v0.0.20 h1:xfD0iDuEKnDkl03q4limB+vH+GxLEtL/jb4xVJSWWEY=
github.com/mattn/go-isatty v0.0.20/go.mod h1:W+V8PltTTMOvKvAeJH7IuucS94S2C6jfK/D7dTCTo3Y=
github.com/mattn/go-runewidth v0.0.15 h1:UNAjwbU9l54TA3KzvqLGxwWjHmMgBUVhBiTjelZgg3U=
github.com/mattn/go-runewidth v0.0.15/go.mod h1:Jdepj2loyihRzMpdS35Xk/zdY8IAYHsh153qUoGf23w=
github.com/muesli/termenv v0.15.2 h1:GohcuySI0QmI3wN8Ok9PtKGkgkFIk7y6Vpb5PvrY+Wo=
github.com/muesli/termenv v0.15.2/go.mod h1:Epx+iuz8sNs7mNKhxzH4fWXGNpZwUaJKRS1noLXviQ8=
github.com/pmezard/go-difflib v1.0.0 h1:4DBwDE0NGyQoBHbLQYPwSUPoCMWR5BEzIk/f1lZbAQM=
github.com/pmezard/go-difflib v1.0.0/go.mod h1:iKH77koFhYxTK1pcRnkKkqfTogsbg7gZNVY4sRDYZ/4=
github.com/rivo/uniseg v0.2.0/go.mod h1:J6wj4VEh+S6ZtnVlnTBMWIodfgj8LQOQFoIToxlJtxc=
github.com/rivo/uniseg v0.4.7 h1:WUdvkW8uEhrYfLC4ZzdpI2ztxP1I582+49Oc5Mq64VQ=
github.com/rivo/uniseg v0.4.7/go.mod h1:FN3SvrM+Zdj16jyLfmOkMNblXMcoc8DfTHruCPUcx88=
github.com/russross/blackfriday/v2 v2.1.0/go.mod h1:+Rmxgy9KzJVeS9/2gXHxylqXiyQDYRxCVz55jmeOWTM=
github.com/spf13/cobra v1.8.1 h1:e5/vxKd/rZsfSJMUX1agtjeTDf+qv1/JdBF8gg5k9ZM=
github.com/spf13/cobra v1.8.1/go.mod h1:wHxEcudfqmLYa8iTfL+OuZPbBZkmvliBWKIezN3kD9Y=
github.com/spf13/pflag v1.0.5 h1:iy+VFUOCP1a+8yFto/drg2CJ5u0yRoB7fZw3DKv/JXA=
github.com/spf13/pflag v1.0.5/go.mod h1:McXfInJRrz4CZXVZOBLb0bTZqETkiAhM9Iw0y3An2Bg=
github.com/stretchr/objx v0.1.0/go.mod h1:HFkY916IF+rwdDfMAkV7OtwuqBVzrE8GR6GFx+wExME=
golang.org/x/sys v0.6.0/go.mod h1:oPkhp1MJrh7nUepCBck5+mAzfO9JrbApNNgaTdGDITg=
golang.org/x/sys v0.19.0 h1:q5f1RH2jigJ1MoAWp2KTp3gm5zAGFUTarQZ5U386+4o=
golang.org/x/sys v0.19.0/go.mod h1:/VUhepiaJMQUp4+oa/7Zr1D23ma6VTLIYjOOTFZPUcA=
gopkg.in/check.v1 v0.0.0-20161208181325-20d25e280405/go.mod h1:Co6ibVJAznAaIkqp8huTwlJQCZ016jof/cbN4VW5Yz0=
gopkg.in/yaml.v2 v2.2.8 h1:obN1ZagJSUGI0Ek/LBmuj4SNLPfIny3KsKFopxRdj10=
gopkg.in/yaml.v2 v2.2.8/go.mod h1:hI93XBmqTisBFMUTm0b8Fm+jr3Dg1NNxqwp+5A1VGuI=
gopkg.in/yaml.v3 v3.0.1/go.mod h1:K4uyk7z7BCEPqu6E+C64Yfv1cQ7kz7rIZviUmN+EgEM=
